
Microsoft Visual Studio Solution File, Format Version 12.00
# Visual Studio Version 16
VisualStudioVersion = 16.0.33529.622
MinimumVisualStudioVersion = 10.0.40219.1
Project("{FAE04EC0-301F-11D3-BF4B-00C04F79EFBC}") = "Mvc22Ind", "Mvc22Ind\Mvc22Ind.csproj", "{28D19764-6F97-4595-9EC1-60D904C59A25}"
EndProject
Global
	GlobalSection(SolutionConfigurationPlatforms) = preSolution
		Debug|Any CPU = Debug|Any CPU
		Release|Any CPU = Release|Any CPU
	EndGlobalSection
	GlobalSection(ProjectConfigurationPlatforms) = postSolution
		{28D19764-6F97-4595-9EC1-60D904C59A25}.Debug|Any CPU.ActiveCfg = Debug|Any CPU
		{28D19764-6F97-4595-9EC1-60D904C59A25}.Debug|Any CPU.Build.0 = Debug|Any CPU
		{28D19764-6F97-4595-9EC1-60D904C59A25}.Release|Any CPU.ActiveCfg = Release|Any CPU
		{28D19764-6F97-4595-9EC1-60D904C59A25}.Release|Any CPU.Build.0 = Release|Any CPU
	EndGlobalSection
	GlobalSection(SolutionProperties) = preSolution
		HideSolutionNode = FALSE
	EndGlobalSection
	GlobalSection(ExtensibilityGlobals) = postSolution
		SolutionGuid = {C7C5BB0F-607E-4944-913D-E39F695043EE}
	EndGlobalSection
EndGlobal
